<?xml version="1.0" encoding="UTF-8" standalone="yes" ?>
<CodeBlocks_project_file>
	<FileVersion major="1" minor="6" />
	<Project>
		<Option title="SBBS User List" />
		<Option pch_mode="2" />
		<Option compiler="gcc" />
		<Build>
			<Target title="Debug">
				<Option output="gcc.freebsd.exe.debug/SBBS User List" prefix_auto="1" extension_auto="1" />
				<Option object_output="gcc.freebsd.obj.debug/" />
				<Option type="0" />
				<Option compiler="gcc" />
				<Option projectLinkerOptionsRelation="2" />
				<Compiler>
					<Add option="-g" />
				</Compiler>
			</Target>
			<Target title="Release">
				<Option output="gcc.freebsd.exe.release/SBBS User List" prefix_auto="1" extension_auto="1" />
				<Option object_output="gcc.freebsd.obj.release/" />
				<Option type="0" />
				<Option compiler="gcc" />
				<Option projectLinkerOptionsRelation="2" />
				<Compiler>
					<Add option="-O2" />
				</Compiler>
				<Linker>
					<Add option="-s" />
				</Linker>
			</Target>
		</Build>
		<Compiler>
			<Add option="-Wall" />
			<Add option="`wx-config --unicode --cflags`" />
			<Add option="-DHAS_INTTYPES_H=1" />
			<Add directory=".." />
			<Add directory="../../xpdev" />
			<Add directory="../../smblib" />
		</Compiler>
		<Linker>
			<Add option="`wx-config --unicode --libs`" />
			<Add library="xpdev" />
			<Add directory="../../xpdev/gcc.freebsd.lib.release" />
		</Linker>
		<Unit filename="../ars.c">
			<Option compilerVar="CC" />
		</Unit>
		<Unit filename="../dat_rec.c">
			<Option compilerVar="CC" />
		</Unit>
		<Unit filename="../date_str.c">
			<Option compilerVar="CC" />
		</Unit>
		<Unit filename="../load_cfg.c">
			<Option compilerVar="CC" />
		</Unit>
		<Unit filename="../nopen.c">
			<Option compilerVar="CC" />
		</Unit>
		<Unit filename="../scfglib1.c">
			<Option compilerVar="CC" />
		</Unit>
		<Unit filename="../scfglib2.c">
			<Option compilerVar="CC" />
		</Unit>
		<Unit filename="../str_util.c">
			<Option compilerVar="CC" />
		</Unit>
		<Unit filename="../userdat.c">
			<Option compilerVar="CC" />
		</Unit>
		<Unit filename="SBBS_User_ListApp.cpp" />
		<Unit filename="SBBS_User_ListApp.h" />
		<Unit filename="SBBS_User_ListMain.cpp" />
		<Unit filename="SBBS_User_ListMain.h" />
		<Unit filename="wxsmith/SBBS_User_Listframe.wxs" />
		<Extensions>
			<code_completion />
			<envvars />
			<debugger />
			<wxsmith version="1">
				<gui name="wxWidgets" src="SBBS_User_ListApp.cpp" main="SBBS_User_ListFrame" init_handlers="necessary" language="CPP" />
				<resources>
					<wxFrame wxs="wxsmith/SBBS_User_Listframe.wxs" src="SBBS_User_ListMain.cpp" hdr="SBBS_User_ListMain.h" name="SBBS_User_ListFrame" language="CPP" />
				</resources>
			</wxsmith>
			<lib_finder disable_auto="1" />
		</Extensions>
	</Project>
</CodeBlocks_project_file>
