
Microsoft Visual Studio Solution File, Format Version 12.00
# Visual Studio Version 17
VisualStudioVersion = 17.14.36623.8
MinimumVisualStudioVersion = 10.0.40219.1
Project("{8BC9CEB8-8B4A-11D0-8D11-00A0C91BC942}") = "clanslib", "clanslib.vcxproj", "{11C46149-475D-60D3-7122-E25F9B3EF1A4}"
EndProject
Project("{8BC9CEB8-8B4A-11D0-8D11-00A0C91BC942}") = "chew", "chew.vcxproj", "{DFC3074C-DA50-6EA6-4205-5AEC6C6F6092}"
	ProjectSection(ProjectDependencies) = postProject
		{11C46149-475D-60D3-7122-E25F9B3EF1A4} = {11C46149-475D-60D3-7122-E25F9B3EF1A4}
	EndProjectSection
EndProject
Project("{8BC9CEB8-8B4A-11D0-8D11-00A0C91BC942}") = "clans", "clans.vcxproj", "{53FD16D9-126D-4A5E-BCF3-19E870CD569D}"
	ProjectSection(ProjectDependencies) = postProject
		{11C46149-475D-60D3-7122-E25F9B3EF1A4} = {11C46149-475D-60D3-7122-E25F9B3EF1A4}
	EndProjectSection
EndProject
Project("{8BC9CEB8-8B4A-11D0-8D11-00A0C91BC942}") = "config", "config.vcxproj", "{B4A178D4-EB7D-420D-986A-8019C96116D6}"
	ProjectSection(ProjectDependencies) = postProject
		{11C46149-475D-60D3-7122-E25F9B3EF1A4} = {11C46149-475D-60D3-7122-E25F9B3EF1A4}
	EndProjectSection
EndProject
Project("{8BC9CEB8-8B4A-11D0-8D11-00A0C91BC942}") = "ecomp", "ecomp.vcxproj", "{B4A178D4-EB7D-420D-986A-8019C96116D7}"
	ProjectSection(ProjectDependencies) = postProject
		{11C46149-475D-60D3-7122-E25F9B3EF1A4} = {11C46149-475D-60D3-7122-E25F9B3EF1A4}
	EndProjectSection
EndProject
Project("{8BC9CEB8-8B4A-11D0-8D11-00A0C91BC942}") = "install", "install.vcxproj", "{B4A178D4-EB7D-420D-986A-8019C96116D8}"
	ProjectSection(ProjectDependencies) = postProject
		{11C46149-475D-60D3-7122-E25F9B3EF1A4} = {11C46149-475D-60D3-7122-E25F9B3EF1A4}
	EndProjectSection
EndProject
Project("{8BC9CEB8-8B4A-11D0-8D11-00A0C91BC942}") = "langcomp", "langcomp.vcxproj", "{665EC4C1-9676-4C46-99AA-0CFD2008BEAD}"
	ProjectSection(ProjectDependencies) = postProject
		{11C46149-475D-60D3-7122-E25F9B3EF1A4} = {11C46149-475D-60D3-7122-E25F9B3EF1A4}
	EndProjectSection
EndProject
Project("{8BC9CEB8-8B4A-11D0-8D11-00A0C91BC942}") = "makenpc", "makenpc.vcxproj", "{B4A178D4-EB7D-420D-986A-8019C96116D9}"
	ProjectSection(ProjectDependencies) = postProject
		{11C46149-475D-60D3-7122-E25F9B3EF1A4} = {11C46149-475D-60D3-7122-E25F9B3EF1A4}
	EndProjectSection
EndProject
Project("{8BC9CEB8-8B4A-11D0-8D11-00A0C91BC942}") = "makepak", "makepak.vcxproj", "{B4A178D4-EB7D-420D-986A-8019C96116DA}"
	ProjectSection(ProjectDependencies) = postProject
		{11C46149-475D-60D3-7122-E25F9B3EF1A4} = {11C46149-475D-60D3-7122-E25F9B3EF1A4}
	EndProjectSection
EndProject
Project("{8BC9CEB8-8B4A-11D0-8D11-00A0C91BC942}") = "mclass", "mclass.vcxproj", "{B4A178D4-EB7D-420D-986A-8019C96116DB}"
	ProjectSection(ProjectDependencies) = postProject
		{11C46149-475D-60D3-7122-E25F9B3EF1A4} = {11C46149-475D-60D3-7122-E25F9B3EF1A4}
	EndProjectSection
EndProject
Project("{8BC9CEB8-8B4A-11D0-8D11-00A0C91BC942}") = "mcomp", "mcomp.vcxproj", "{B4A178D4-EB7D-420D-986A-8019C96116D4}"
	ProjectSection(ProjectDependencies) = postProject
		{11C46149-475D-60D3-7122-E25F9B3EF1A4} = {11C46149-475D-60D3-7122-E25F9B3EF1A4}
	EndProjectSection
EndProject
Project("{8BC9CEB8-8B4A-11D0-8D11-00A0C91BC942}") = "mitems", "mitems.vcxproj", "{B4A178D4-EB7D-420D-986A-8019C96116DD}"
	ProjectSection(ProjectDependencies) = postProject
		{11C46149-475D-60D3-7122-E25F9B3EF1A4} = {11C46149-475D-60D3-7122-E25F9B3EF1A4}
	EndProjectSection
EndProject
Project("{8BC9CEB8-8B4A-11D0-8D11-00A0C91BC942}") = "mspells", "mspells.vcxproj", "{B4A178D4-EB7D-420D-986A-8019C96116DE}"
	ProjectSection(ProjectDependencies) = postProject
		{11C46149-475D-60D3-7122-E25F9B3EF1A4} = {11C46149-475D-60D3-7122-E25F9B3EF1A4}
	EndProjectSection
EndProject
Project("{8BC9CEB8-8B4A-11D0-8D11-00A0C91BC942}") = "pcedit", "pcedit.vcxproj", "{76B9AE5E-45D4-41F0-A63D-4631B24F4BC7}"
	ProjectSection(ProjectDependencies) = postProject
		{11C46149-475D-60D3-7122-E25F9B3EF1A4} = {11C46149-475D-60D3-7122-E25F9B3EF1A4}
	EndProjectSection
EndProject
Project("{8BC9CEB8-8B4A-11D0-8D11-00A0C91BC942}") = "reset", "reset.vcxproj", "{5C915E27-9E41-4EF5-850D-F7A00BE8D30C}"
	ProjectSection(ProjectDependencies) = postProject
		{11C46149-475D-60D3-7122-E25F9B3EF1A4} = {11C46149-475D-60D3-7122-E25F9B3EF1A4}
	EndProjectSection
EndProject
Global
	GlobalSection(SolutionConfigurationPlatforms) = preSolution
		Debug|x64 = Debug|x64
		Debug|x86 = Debug|x86
		Release|x64 = Release|x64
		Release|x86 = Release|x86
	EndGlobalSection
	GlobalSection(ProjectConfigurationPlatforms) = postSolution
		{11C46149-475D-60D3-7122-E25F9B3EF1A4}.Debug|x64.ActiveCfg = Debug|x64
		{11C46149-475D-60D3-7122-E25F9B3EF1A4}.Debug|x64.Build.0 = Debug|x64
		{11C46149-475D-60D3-7122-E25F9B3EF1A4}.Debug|x86.ActiveCfg = Debug|Win32
		{11C46149-475D-60D3-7122-E25F9B3EF1A4}.Debug|x86.Build.0 = Debug|Win32
		{11C46149-475D-60D3-7122-E25F9B3EF1A4}.Release|x64.ActiveCfg = Release|x64
		{11C46149-475D-60D3-7122-E25F9B3EF1A4}.Release|x64.Build.0 = Release|x64
		{11C46149-475D-60D3-7122-E25F9B3EF1A4}.Release|x86.ActiveCfg = Release|Win32
		{11C46149-475D-60D3-7122-E25F9B3EF1A4}.Release|x86.Build.0 = Release|Win32
		{DFC3074C-DA50-6EA6-4205-5AEC6C6F6092}.Debug|x64.ActiveCfg = Debug|x64
		{DFC3074C-DA50-6EA6-4205-5AEC6C6F6092}.Debug|x64.Build.0 = Debug|x64
		{DFC3074C-DA50-6EA6-4205-5AEC6C6F6092}.Debug|x86.ActiveCfg = Debug|Win32
		{DFC3074C-DA50-6EA6-4205-5AEC6C6F6092}.Debug|x86.Build.0 = Debug|Win32
		{DFC3074C-DA50-6EA6-4205-5AEC6C6F6092}.Release|x64.ActiveCfg = Release|x64
		{DFC3074C-DA50-6EA6-4205-5AEC6C6F6092}.Release|x64.Build.0 = Release|x64
		{DFC3074C-DA50-6EA6-4205-5AEC6C6F6092}.Release|x86.ActiveCfg = Release|Win32
		{DFC3074C-DA50-6EA6-4205-5AEC6C6F6092}.Release|x86.Build.0 = Release|Win32
		{53FD16D9-126D-4A5E-BCF3-19E870CD569D}.Debug|x64.ActiveCfg = Debug|x64
		{53FD16D9-126D-4A5E-BCF3-19E870CD569D}.Debug|x64.Build.0 = Debug|x64
		{53FD16D9-126D-4A5E-BCF3-19E870CD569D}.Debug|x86.ActiveCfg = Debug|Win32
		{53FD16D9-126D-4A5E-BCF3-19E870CD569D}.Debug|x86.Build.0 = Debug|Win32
		{53FD16D9-126D-4A5E-BCF3-19E870CD569D}.Release|x64.ActiveCfg = Release|x64
		{53FD16D9-126D-4A5E-BCF3-19E870CD569D}.Release|x64.Build.0 = Release|x64
		{53FD16D9-126D-4A5E-BCF3-19E870CD569D}.Release|x86.ActiveCfg = Release|Win32
		{53FD16D9-126D-4A5E-BCF3-19E870CD569D}.Release|x86.Build.0 = Release|Win32
		{B4A178D4-EB7D-420D-986A-8019C96116D6}.Debug|x64.ActiveCfg = Debug|x64
		{B4A178D4-EB7D-420D-986A-8019C96116D6}.Debug|x64.Build.0 = Debug|x64
		{B4A178D4-EB7D-420D-986A-8019C96116D6}.Debug|x86.ActiveCfg = Debug|Win32
		{B4A178D4-EB7D-420D-986A-8019C96116D6}.Debug|x86.Build.0 = Debug|Win32
		{B4A178D4-EB7D-420D-986A-8019C96116D6}.Release|x64.ActiveCfg = Release|x64
		{B4A178D4-EB7D-420D-986A-8019C96116D6}.Release|x64.Build.0 = Release|x64
		{B4A178D4-EB7D-420D-986A-8019C96116D6}.Release|x86.ActiveCfg = Release|Win32
		{B4A178D4-EB7D-420D-986A-8019C96116D6}.Release|x86.Build.0 = Release|Win32
		{B4A178D4-EB7D-420D-986A-8019C96116D7}.Debug|x64.ActiveCfg = Debug|x64
		{B4A178D4-EB7D-420D-986A-8019C96116D7}.Debug|x64.Build.0 = Debug|x64
		{B4A178D4-EB7D-420D-986A-8019C96116D7}.Debug|x86.ActiveCfg = Debug|Win32
		{B4A178D4-EB7D-420D-986A-8019C96116D7}.Debug|x86.Build.0 = Debug|Win32
		{B4A178D4-EB7D-420D-986A-8019C96116D7}.Release|x64.ActiveCfg = Release|x64
		{B4A178D4-EB7D-420D-986A-8019C96116D7}.Release|x64.Build.0 = Release|x64
		{B4A178D4-EB7D-420D-986A-8019C96116D7}.Release|x86.ActiveCfg = Release|Win32
		{B4A178D4-EB7D-420D-986A-8019C96116D7}.Release|x86.Build.0 = Release|Win32
		{B4A178D4-EB7D-420D-986A-8019C96116D8}.Debug|x64.ActiveCfg = Debug|x64
		{B4A178D4-EB7D-420D-986A-8019C96116D8}.Debug|x64.Build.0 = Debug|x64
		{B4A178D4-EB7D-420D-986A-8019C96116D8}.Debug|x86.ActiveCfg = Debug|Win32
		{B4A178D4-EB7D-420D-986A-8019C96116D8}.Debug|x86.Build.0 = Debug|Win32
		{B4A178D4-EB7D-420D-986A-8019C96116D8}.Release|x64.ActiveCfg = Release|x64
		{B4A178D4-EB7D-420D-986A-8019C96116D8}.Release|x64.Build.0 = Release|x64
		{B4A178D4-EB7D-420D-986A-8019C96116D8}.Release|x86.ActiveCfg = Release|Win32
		{B4A178D4-EB7D-420D-986A-8019C96116D8}.Release|x86.Build.0 = Release|Win32
		{665EC4C1-9676-4C46-99AA-0CFD2008BEAD}.Debug|x64.ActiveCfg = Debug|x64
		{665EC4C1-9676-4C46-99AA-0CFD2008BEAD}.Debug|x64.Build.0 = Debug|x64
		{665EC4C1-9676-4C46-99AA-0CFD2008BEAD}.Debug|x86.ActiveCfg = Debug|Win32
		{665EC4C1-9676-4C46-99AA-0CFD2008BEAD}.Debug|x86.Build.0 = Debug|Win32
		{665EC4C1-9676-4C46-99AA-0CFD2008BEAD}.Release|x64.ActiveCfg = Release|x64
		{665EC4C1-9676-4C46-99AA-0CFD2008BEAD}.Release|x64.Build.0 = Release|x64
		{665EC4C1-9676-4C46-99AA-0CFD2008BEAD}.Release|x86.ActiveCfg = Release|Win32
		{665EC4C1-9676-4C46-99AA-0CFD2008BEAD}.Release|x86.Build.0 = Release|Win32
		{B4A178D4-EB7D-420D-986A-8019C96116D9}.Debug|x64.ActiveCfg = Debug|x64
		{B4A178D4-EB7D-420D-986A-8019C96116D9}.Debug|x64.Build.0 = Debug|x64
		{B4A178D4-EB7D-420D-986A-8019C96116D9}.Debug|x86.ActiveCfg = Debug|Win32
		{B4A178D4-EB7D-420D-986A-8019C96116D9}.Debug|x86.Build.0 = Debug|Win32
		{B4A178D4-EB7D-420D-986A-8019C96116D9}.Release|x64.ActiveCfg = Release|x64
		{B4A178D4-EB7D-420D-986A-8019C96116D9}.Release|x64.Build.0 = Release|x64
		{B4A178D4-EB7D-420D-986A-8019C96116D9}.Release|x86.ActiveCfg = Release|Win32
		{B4A178D4-EB7D-420D-986A-8019C96116D9}.Release|x86.Build.0 = Release|Win32
		{B4A178D4-EB7D-420D-986A-8019C96116DA}.Debug|x64.ActiveCfg = Debug|x64
		{B4A178D4-EB7D-420D-986A-8019C96116DA}.Debug|x64.Build.0 = Debug|x64
		{B4A178D4-EB7D-420D-986A-8019C96116DA}.Debug|x86.ActiveCfg = Debug|Win32
		{B4A178D4-EB7D-420D-986A-8019C96116DA}.Debug|x86.Build.0 = Debug|Win32
		{B4A178D4-EB7D-420D-986A-8019C96116DA}.Release|x64.ActiveCfg = Release|x64
		{B4A178D4-EB7D-420D-986A-8019C96116DA}.Release|x64.Build.0 = Release|x64
		{B4A178D4-EB7D-420D-986A-8019C96116DA}.Release|x86.ActiveCfg = Release|Win32
		{B4A178D4-EB7D-420D-986A-8019C96116DA}.Release|x86.Build.0 = Release|Win32
		{B4A178D4-EB7D-420D-986A-8019C96116DB}.Debug|x64.ActiveCfg = Debug|x64
		{B4A178D4-EB7D-420D-986A-8019C96116DB}.Debug|x64.Build.0 = Debug|x64
		{B4A178D4-EB7D-420D-986A-8019C96116DB}.Debug|x86.ActiveCfg = Debug|Win32
		{B4A178D4-EB7D-420D-986A-8019C96116DB}.Debug|x86.Build.0 = Debug|Win32
		{B4A178D4-EB7D-420D-986A-8019C96116DB}.Release|x64.ActiveCfg = Release|x64
		{B4A178D4-EB7D-420D-986A-8019C96116DB}.Release|x64.Build.0 = Release|x64
		{B4A178D4-EB7D-420D-986A-8019C96116DB}.Release|x86.ActiveCfg = Release|Win32
		{B4A178D4-EB7D-420D-986A-8019C96116DB}.Release|x86.Build.0 = Release|Win32
		{B4A178D4-EB7D-420D-986A-8019C96116D4}.Debug|x64.ActiveCfg = Debug|x64
		{B4A178D4-EB7D-420D-986A-8019C96116D4}.Debug|x64.Build.0 = Debug|x64
		{B4A178D4-EB7D-420D-986A-8019C96116D4}.Debug|x86.ActiveCfg = Debug|Win32
		{B4A178D4-EB7D-420D-986A-8019C96116D4}.Debug|x86.Build.0 = Debug|Win32
		{B4A178D4-EB7D-420D-986A-8019C96116D4}.Release|x64.ActiveCfg = Release|x64
		{B4A178D4-EB7D-420D-986A-8019C96116D4}.Release|x64.Build.0 = Release|x64
		{B4A178D4-EB7D-420D-986A-8019C96116D4}.Release|x86.ActiveCfg = Release|Win32
		{B4A178D4-EB7D-420D-986A-8019C96116D4}.Release|x86.Build.0 = Release|Win32
		{B4A178D4-EB7D-420D-986A-8019C96116DD}.Debug|x64.ActiveCfg = Debug|x64
		{B4A178D4-EB7D-420D-986A-8019C96116DD}.Debug|x64.Build.0 = Debug|x64
		{B4A178D4-EB7D-420D-986A-8019C96116DD}.Debug|x86.ActiveCfg = Debug|Win32
		{B4A178D4-EB7D-420D-986A-8019C96116DD}.Debug|x86.Build.0 = Debug|Win32
		{B4A178D4-EB7D-420D-986A-8019C96116DD}.Release|x64.ActiveCfg = Release|x64
		{B4A178D4-EB7D-420D-986A-8019C96116DD}.Release|x64.Build.0 = Release|x64
		{B4A178D4-EB7D-420D-986A-8019C96116DD}.Release|x86.ActiveCfg = Release|Win32
		{B4A178D4-EB7D-420D-986A-8019C96116DD}.Release|x86.Build.0 = Release|Win32
		{B4A178D4-EB7D-420D-986A-8019C96116DE}.Debug|x64.ActiveCfg = Debug|x64
		{B4A178D4-EB7D-420D-986A-8019C96116DE}.Debug|x64.Build.0 = Debug|x64
		{B4A178D4-EB7D-420D-986A-8019C96116DE}.Debug|x86.ActiveCfg = Debug|Win32
		{B4A178D4-EB7D-420D-986A-8019C96116DE}.Debug|x86.Build.0 = Debug|Win32
		{B4A178D4-EB7D-420D-986A-8019C96116DE}.Release|x64.ActiveCfg = Release|x64
		{B4A178D4-EB7D-420D-986A-8019C96116DE}.Release|x64.Build.0 = Release|x64
		{B4A178D4-EB7D-420D-986A-8019C96116DE}.Release|x86.ActiveCfg = Release|Win32
		{B4A178D4-EB7D-420D-986A-8019C96116DE}.Release|x86.Build.0 = Release|Win32
		{76B9AE5E-45D4-41F0-A63D-4631B24F4BC7}.Debug|x64.ActiveCfg = Debug|x64
		{76B9AE5E-45D4-41F0-A63D-4631B24F4BC7}.Debug|x64.Build.0 = Debug|x64
		{76B9AE5E-45D4-41F0-A63D-4631B24F4BC7}.Debug|x86.ActiveCfg = Debug|Win32
		{76B9AE5E-45D4-41F0-A63D-4631B24F4BC7}.Debug|x86.Build.0 = Debug|Win32
		{76B9AE5E-45D4-41F0-A63D-4631B24F4BC7}.Release|x64.ActiveCfg = Release|x64
		{76B9AE5E-45D4-41F0-A63D-4631B24F4BC7}.Release|x64.Build.0 = Release|x64
		{76B9AE5E-45D4-41F0-A63D-4631B24F4BC7}.Release|x86.ActiveCfg = Release|Win32
		{76B9AE5E-45D4-41F0-A63D-4631B24F4BC7}.Release|x86.Build.0 = Release|Win32
		{5C915E27-9E41-4EF5-850D-F7A00BE8D30C}.Debug|x64.ActiveCfg = Debug|x64
		{5C915E27-9E41-4EF5-850D-F7A00BE8D30C}.Debug|x64.Build.0 = Debug|x64
		{5C915E27-9E41-4EF5-850D-F7A00BE8D30C}.Debug|x86.ActiveCfg = Debug|Win32
		{5C915E27-9E41-4EF5-850D-F7A00BE8D30C}.Debug|x86.Build.0 = Debug|Win32
		{5C915E27-9E41-4EF5-850D-F7A00BE8D30C}.Release|x64.ActiveCfg = Release|x64
		{5C915E27-9E41-4EF5-850D-F7A00BE8D30C}.Release|x64.Build.0 = Release|x64
		{5C915E27-9E41-4EF5-850D-F7A00BE8D30C}.Release|x86.ActiveCfg = Release|Win32
		{5C915E27-9E41-4EF5-850D-F7A00BE8D30C}.Release|x86.Build.0 = Release|Win32
	EndGlobalSection
	GlobalSection(SolutionProperties) = preSolution
		HideSolutionNode = FALSE
	EndGlobalSection
	GlobalSection(ExtensibilityGlobals) = postSolution
		SolutionGuid = {8479663B-A4C2-4D51-96AD-5B2034BB530C}
	EndGlobalSection
EndGlobal
