<?xml version="1.0" encoding="utf-8"?>
<Project ToolsVersion="4.0" xmlns="http://schemas.microsoft.com/developer/msbuild/2003">
  <ItemGroup>
    <Filter Include="Source Files">
      <UniqueIdentifier>{d76f6b39-af5c-4b4e-9215-73881c17d66b}</UniqueIdentifier>
      <Extensions>cpp;c;cxx;rc;def;r;odl;idl;hpj;bat</Extensions>
    </Filter>
    <Filter Include="Header Files">
      <UniqueIdentifier>{e44a7e32-0f26-4eae-87b2-030fcf607c87}</UniqueIdentifier>
      <Extensions>h;hpp;hxx;hm;inl</Extensions>
    </Filter>
    <Filter Include="Resource Files">
      <UniqueIdentifier>{898a7612-cf05-4baf-b8c1-2431277ba2a5}</UniqueIdentifier>
      <Extensions>ico;cur;bmp;dlg;rc2;rct;bin;rgs;gif;jpg;jpeg;jpe</Extensions>
    </Filter>
  </ItemGroup>
  <ItemGroup>
    <ClCompile Include="CRC.C">
      <Filter>Source Files</Filter>
    </ClCompile>
    <ClCompile Include="MYOPEN.C">
      <Filter>Source Files</Filter>
    </ClCompile>
    <ClCompile Include="PARSING.C">
      <Filter>Source Files</Filter>
    </ClCompile>
    <ClCompile Include="RESET.C">
      <Filter>Source Files</Filter>
    </ClCompile>
  </ItemGroup>
  <ItemGroup>
    <ClInclude Include="CRC.H">
      <Filter>Header Files</Filter>
    </ClInclude>
    <ClInclude Include="MYOPEN.H">
      <Filter>Header Files</Filter>
    </ClInclude>
    <ClInclude Include="PARSING.H">
      <Filter>Header Files</Filter>
    </ClInclude>
  </ItemGroup>
</Project>