<?xml version="1.0" encoding="UTF-8" standalone="yes" ?>
<CodeBlocks_project_file>
	<FileVersion major="1" minor="6" />
	<Project>
		<Option title="smblib" />
		<Option pch_mode="2" />
		<Option compiler="gcc" />
		<Build>
			<Target title="Debug">
				<Option output="libsmblib" prefix_auto="1" extension_auto="1" />
				<Option working_dir="" />
				<Option object_output="gcc.freebsd.obj.debug/" />
				<Option type="2" />
				<Option compiler="gcc" />
				<Option createDefFile="1" />
				<Compiler>
					<Add option="-Wall" />
					<Add option="-g" />
				</Compiler>
			</Target>
			<Target title="Release">
				<Option output="libsmblib" prefix_auto="1" extension_auto="1" />
				<Option working_dir="" />
				<Option object_output="gcc.freebsd.obj.release/" />
				<Option type="2" />
				<Option compiler="gcc" />
				<Option createDefFile="1" />
				<Compiler>
					<Add option="-Wall" />
					<Add option="-O2" />
				</Compiler>
				<Linker>
					<Add option="-s" />
				</Linker>
			</Target>
		</Build>
		<Unit filename="crc16.c">
			<Option compilerVar="CC" />
		</Unit>
		<Unit filename="crc32.c">
			<Option compilerVar="CC" />
		</Unit>
		<Unit filename="lzh.c">
			<Option compilerVar="CC" />
		</Unit>
		<Unit filename="md5.c">
			<Option compilerVar="CC" />
		</Unit>
		<Unit filename="smbadd.c">
			<Option compilerVar="CC" />
		</Unit>
		<Unit filename="smballoc.c">
			<Option compilerVar="CC" />
		</Unit>
		<Unit filename="smbdump.c">
			<Option compilerVar="CC" />
		</Unit>
		<Unit filename="smbfile.c">
			<Option compilerVar="CC" />
		</Unit>
		<Unit filename="smbhash.c">
			<Option compilerVar="CC" />
		</Unit>
		<Unit filename="smblib.c">
			<Option compilerVar="CC" />
		</Unit>
		<Unit filename="smbstr.c">
			<Option compilerVar="CC" />
		</Unit>
		<Unit filename="smbtxt.c">
			<Option compilerVar="CC" />
		</Unit>
		<Extensions>
			<code_completion />
			<envvars />
			<debugger />
			<lib_finder disable_auto="1" />
			<wxsmith version="1">
				<gui name="wxWidgets" src="" main="" init_handlers="necessary" language="CPP" />
			</wxsmith>
		</Extensions>
	</Project>
</CodeBlocks_project_file>
