
Microsoft Visual Studio Solution File, Format Version 12.00
# Visual Studio Version 16
VisualStudioVersion = 16.0.29215.179
MinimumVisualStudioVersion = 10.0.40219.1
Project("{8BC9CEB8-8B4A-11D0-8D11-00A0C91BC942}") = "addfiles", "addfiles.vcxproj", "{1E6135A4-035D-4B39-B233-569A15ADE3A2}"
EndProject
Project("{8BC9CEB8-8B4A-11D0-8D11-00A0C91BC942}") = "allusers", "allusers.vcxproj", "{96218F3E-9E75-490E-B544-A2A5EA13239F}"
EndProject
Project("{8BC9CEB8-8B4A-11D0-8D11-00A0C91BC942}") = "ans2asc", "ans2asc.vcxproj", "{6351C9CE-4ECE-49BE-9FDC-383AD7517CE0}"
EndProject
Project("{8BC9CEB8-8B4A-11D0-8D11-00A0C91BC942}") = "asc2ans", "asc2ans.vcxproj", "{918E29F5-FF7B-482A-9271-9FCD58C1CCB0}"
EndProject
Project("{8BC9CEB8-8B4A-11D0-8D11-00A0C91BC942}") = "baja", "baja.vcxproj", "{6DC0ADFA-8588-485E-83A6-DF3974438932}"
EndProject
Project("{8BC9CEB8-8B4A-11D0-8D11-00A0C91BC942}") = "chksmb", "chksmb.vcxproj", "{27D1E3E3-3C01-4B7E-B614-C4891AD131F3}"
EndProject
Project("{8BC9CEB8-8B4A-11D0-8D11-00A0C91BC942}") = "conio", "..\conio\conio.vcxproj", "{84592E48-27CA-48A6-B9C6-243D2347A578}"
EndProject
Project("{8BC9CEB8-8B4A-11D0-8D11-00A0C91BC942}") = "delfiles", "delfiles.vcxproj", "{0A90BF07-F107-49FB-B0D3-E7E12528F3BA}"
EndProject
Project("{8BC9CEB8-8B4A-11D0-8D11-00A0C91BC942}") = "dstsedit", "dstsedit.vcxproj", "{A7059A57-CDFF-4917-AA98-AE1DA8DF617D}"
EndProject
Project("{8BC9CEB8-8B4A-11D0-8D11-00A0C91BC942}") = "dupefind", "dupefind.vcxproj", "{D80E94E4-09D7-4A2A-B850-67C5ABB5ABDA}"
EndProject
Project("{8BC9CEB8-8B4A-11D0-8D11-00A0C91BC942}") = "echocfg", "echocfg.vcxproj", "{91A5D0BE-90BC-4795-8833-CE5C4D484B4A}"
EndProject
Project("{8BC9CEB8-8B4A-11D0-8D11-00A0C91BC942}") = "filelist", "filelist.vcxproj", "{262BC06F-0649-4D56-A353-97038D531C2B}"
EndProject
Project("{8BC9CEB8-8B4A-11D0-8D11-00A0C91BC942}") = "fixsmb", "fixsmb.vcxproj", "{1595CD8A-D141-46FE-B712-61F16C5D700F}"
EndProject
Project("{8BC9CEB8-8B4A-11D0-8D11-00A0C91BC942}") = "ftpsrvr", "ftpsrvr.vcxproj", "{CB07F1CA-85D3-429B-92D5-A7650C97AB1A}"
EndProject
Project("{8BC9CEB8-8B4A-11D0-8D11-00A0C91BC942}") = "jsexec", "jsexec.vcxproj", "{ACFB0944-5DD4-4E24-87E3-1F1EF8B26A0A}"
EndProject
Project("{8BC9CEB8-8B4A-11D0-8D11-00A0C91BC942}") = "mailsrvr", "mailsrvr.vcxproj", "{7299E3E7-DFEF-4970-A0BA-E53D3A45B82A}"
EndProject
Project("{8BC9CEB8-8B4A-11D0-8D11-00A0C91BC942}") = "makeuser", "makeuser.vcxproj", "{A45D0DB7-24A7-4FA1-9BE9-E418EAB53C26}"
EndProject
Project("{8BC9CEB8-8B4A-11D0-8D11-00A0C91BC942}") = "node", "node.vcxproj", "{A8790D6E-B5FF-4FD7-86F7-B18CCC7E0D6F}"
EndProject
Project("{8BC9CEB8-8B4A-11D0-8D11-00A0C91BC942}") = "ntsvcs", "ntsvcs.vcxproj", "{0AA665EA-C51A-4035-BF50-3D090980903C}"
EndProject
Project("{8BC9CEB8-8B4A-11D0-8D11-00A0C91BC942}") = "qwknodes", "qwknodes.vcxproj", "{8B1C8FB3-3E2B-4492-848E-70D59696CD04}"
EndProject
Project("{8BC9CEB8-8B4A-11D0-8D11-00A0C91BC942}") = "sbbs", "sbbs.vcxproj", "{48637A68-3478-4BED-A924-07D59D474BBE}"
EndProject
Project("{8BC9CEB8-8B4A-11D0-8D11-00A0C91BC942}") = "sbbscon", "sbbscon.vcxproj", "{EC2121F2-1AC3-45E3-8EE8-EA95AFCE967E}"
EndProject
Project("{8BC9CEB8-8B4A-11D0-8D11-00A0C91BC942}") = "sbbsecho", "sbbsecho.vcxproj", "{3043A9CD-A963-4BC3-BBE4-1A9D67177EC4}"
EndProject
Project("{8BC9CEB8-8B4A-11D0-8D11-00A0C91BC942}") = "scfg", "scfg\scfg.vcxproj", "{0DA3E7B4-8567-495B-B7D1-5E6AB6D6F4B1}"
EndProject
Project("{8BC9CEB8-8B4A-11D0-8D11-00A0C91BC942}") = "services", "services.vcxproj", "{5C543ABE-8C49-41EB-8078-8A98A9E96EE8}"
EndProject
Project("{8BC9CEB8-8B4A-11D0-8D11-00A0C91BC942}") = "sexyz", "sexyz.vcxproj", "{A9BA4278-89CB-47C4-A54E-B7F20EDA8C77}"
EndProject
Project("{8BC9CEB8-8B4A-11D0-8D11-00A0C91BC942}") = "slog", "slog.vcxproj", "{D39AE752-B910-4EFF-A819-1FA8F30FA3D0}"
EndProject
Project("{8BC9CEB8-8B4A-11D0-8D11-00A0C91BC942}") = "smbactiv", "smbactiv.vcxproj", "{453A20D0-847F-4E21-A31B-B316EEA59BFD}"
EndProject
Project("{8BC9CEB8-8B4A-11D0-8D11-00A0C91BC942}") = "smblib", "..\smblib\smblib.vcxproj", "{D674842B-2F41-42CB-9426-B3C4B0682574}"
EndProject
Project("{8BC9CEB8-8B4A-11D0-8D11-00A0C91BC942}") = "smbutil", "smbutil.vcxproj", "{D9C78CF8-0F08-417B-A242-22B86626F00D}"
EndProject
Project("{8BC9CEB8-8B4A-11D0-8D11-00A0C91BC942}") = "textgen", "textgen.vcxproj", "{A41D7A4A-2173-4DF6-96AF-9575C069CA8A}"
	ProjectSection(ProjectDependencies) = postProject
		{7428A1E8-56B7-4868-9C0E-29D031689FEB} = {7428A1E8-56B7-4868-9C0E-29D031689FEB}
	EndProjectSection
EndProject
Project("{8BC9CEB8-8B4A-11D0-8D11-00A0C91BC942}") = "uifc", "..\uifc\uifc.vcxproj", "{7BFB9820-0E57-4BE4-9BE9-E0A687874E19}"
EndProject
Project("{8BC9CEB8-8B4A-11D0-8D11-00A0C91BC942}") = "unbaja", "unbaja.vcxproj", "{C9E94535-877A-4A25-A10F-5AB750B0FB31}"
EndProject
Project("{8BC9CEB8-8B4A-11D0-8D11-00A0C91BC942}") = "websrvr", "websrvr.vcxproj", "{7C6F645F-BB54-4018-8AE9-6C38626325F6}"
EndProject
Project("{8BC9CEB8-8B4A-11D0-8D11-00A0C91BC942}") = "xpdev", "..\xpdev\xpdev.vcxproj", "{7428A1E8-56B7-4868-9C0E-29D031689FEB}"
EndProject
Project("{8BC9CEB8-8B4A-11D0-8D11-00A0C91BC942}") = "xpdev_mt", "..\xpdev\xpdev_mt.vcxproj", "{AEED3A81-3A47-4953-BE51-FD5E08283890}"
EndProject
Project("{8BC9CEB8-8B4A-11D0-8D11-00A0C91BC942}") = "load_cfg", "load_cfg.vcxproj", "{08FC395F-BC60-499D-9CE9-170ED718BB94}"
EndProject
Project("{8BC9CEB8-8B4A-11D0-8D11-00A0C91BC942}") = "pktdump", "pktdump.vcxproj", "{85112FF8-B520-4806-A2C8-7525F495AE8F}"
EndProject
Global
	GlobalSection(SolutionConfigurationPlatforms) = preSolution
		Debug|Win32 = Debug|Win32
		Release|Win32 = Release|Win32
	EndGlobalSection
	GlobalSection(ProjectConfigurationPlatforms) = postSolution
		{1E6135A4-035D-4B39-B233-569A15ADE3A2}.Debug|Win32.ActiveCfg = Debug|Win32
		{1E6135A4-035D-4B39-B233-569A15ADE3A2}.Debug|Win32.Build.0 = Debug|Win32
		{1E6135A4-035D-4B39-B233-569A15ADE3A2}.Release|Win32.ActiveCfg = Release|Win32
		{1E6135A4-035D-4B39-B233-569A15ADE3A2}.Release|Win32.Build.0 = Release|Win32
		{96218F3E-9E75-490E-B544-A2A5EA13239F}.Debug|Win32.ActiveCfg = Debug|Win32
		{96218F3E-9E75-490E-B544-A2A5EA13239F}.Debug|Win32.Build.0 = Debug|Win32
		{96218F3E-9E75-490E-B544-A2A5EA13239F}.Release|Win32.ActiveCfg = Release|Win32
		{96218F3E-9E75-490E-B544-A2A5EA13239F}.Release|Win32.Build.0 = Release|Win32
		{6351C9CE-4ECE-49BE-9FDC-383AD7517CE0}.Debug|Win32.ActiveCfg = Debug|Win32
		{6351C9CE-4ECE-49BE-9FDC-383AD7517CE0}.Debug|Win32.Build.0 = Debug|Win32
		{6351C9CE-4ECE-49BE-9FDC-383AD7517CE0}.Release|Win32.ActiveCfg = Release|Win32
		{6351C9CE-4ECE-49BE-9FDC-383AD7517CE0}.Release|Win32.Build.0 = Release|Win32
		{918E29F5-FF7B-482A-9271-9FCD58C1CCB0}.Debug|Win32.ActiveCfg = Debug|Win32
		{918E29F5-FF7B-482A-9271-9FCD58C1CCB0}.Debug|Win32.Build.0 = Debug|Win32
		{918E29F5-FF7B-482A-9271-9FCD58C1CCB0}.Release|Win32.ActiveCfg = Release|Win32
		{918E29F5-FF7B-482A-9271-9FCD58C1CCB0}.Release|Win32.Build.0 = Release|Win32
		{6DC0ADFA-8588-485E-83A6-DF3974438932}.Debug|Win32.ActiveCfg = Debug|Win32
		{6DC0ADFA-8588-485E-83A6-DF3974438932}.Debug|Win32.Build.0 = Debug|Win32
		{6DC0ADFA-8588-485E-83A6-DF3974438932}.Release|Win32.ActiveCfg = Release|Win32
		{6DC0ADFA-8588-485E-83A6-DF3974438932}.Release|Win32.Build.0 = Release|Win32
		{27D1E3E3-3C01-4B7E-B614-C4891AD131F3}.Debug|Win32.ActiveCfg = Debug|Win32
		{27D1E3E3-3C01-4B7E-B614-C4891AD131F3}.Debug|Win32.Build.0 = Debug|Win32
		{27D1E3E3-3C01-4B7E-B614-C4891AD131F3}.Release|Win32.ActiveCfg = Release|Win32
		{27D1E3E3-3C01-4B7E-B614-C4891AD131F3}.Release|Win32.Build.0 = Release|Win32
		{84592E48-27CA-48A6-B9C6-243D2347A578}.Debug|Win32.ActiveCfg = Debug|Win32
		{84592E48-27CA-48A6-B9C6-243D2347A578}.Debug|Win32.Build.0 = Debug|Win32
		{84592E48-27CA-48A6-B9C6-243D2347A578}.Release|Win32.ActiveCfg = Release|Win32
		{84592E48-27CA-48A6-B9C6-243D2347A578}.Release|Win32.Build.0 = Release|Win32
		{0A90BF07-F107-49FB-B0D3-E7E12528F3BA}.Debug|Win32.ActiveCfg = Debug|Win32
		{0A90BF07-F107-49FB-B0D3-E7E12528F3BA}.Debug|Win32.Build.0 = Debug|Win32
		{0A90BF07-F107-49FB-B0D3-E7E12528F3BA}.Release|Win32.ActiveCfg = Release|Win32
		{0A90BF07-F107-49FB-B0D3-E7E12528F3BA}.Release|Win32.Build.0 = Release|Win32
		{A7059A57-CDFF-4917-AA98-AE1DA8DF617D}.Debug|Win32.ActiveCfg = Debug|Win32
		{A7059A57-CDFF-4917-AA98-AE1DA8DF617D}.Debug|Win32.Build.0 = Debug|Win32
		{A7059A57-CDFF-4917-AA98-AE1DA8DF617D}.Release|Win32.ActiveCfg = Release|Win32
		{A7059A57-CDFF-4917-AA98-AE1DA8DF617D}.Release|Win32.Build.0 = Release|Win32
		{D80E94E4-09D7-4A2A-B850-67C5ABB5ABDA}.Debug|Win32.ActiveCfg = Debug|Win32
		{D80E94E4-09D7-4A2A-B850-67C5ABB5ABDA}.Debug|Win32.Build.0 = Debug|Win32
		{D80E94E4-09D7-4A2A-B850-67C5ABB5ABDA}.Release|Win32.ActiveCfg = Release|Win32
		{D80E94E4-09D7-4A2A-B850-67C5ABB5ABDA}.Release|Win32.Build.0 = Release|Win32
		{91A5D0BE-90BC-4795-8833-CE5C4D484B4A}.Debug|Win32.ActiveCfg = Debug|Win32
		{91A5D0BE-90BC-4795-8833-CE5C4D484B4A}.Debug|Win32.Build.0 = Debug|Win32
		{91A5D0BE-90BC-4795-8833-CE5C4D484B4A}.Release|Win32.ActiveCfg = Release|Win32
		{91A5D0BE-90BC-4795-8833-CE5C4D484B4A}.Release|Win32.Build.0 = Release|Win32
		{262BC06F-0649-4D56-A353-97038D531C2B}.Debug|Win32.ActiveCfg = Debug|Win32
		{262BC06F-0649-4D56-A353-97038D531C2B}.Debug|Win32.Build.0 = Debug|Win32
		{262BC06F-0649-4D56-A353-97038D531C2B}.Release|Win32.ActiveCfg = Release|Win32
		{262BC06F-0649-4D56-A353-97038D531C2B}.Release|Win32.Build.0 = Release|Win32
		{1595CD8A-D141-46FE-B712-61F16C5D700F}.Debug|Win32.ActiveCfg = Debug|Win32
		{1595CD8A-D141-46FE-B712-61F16C5D700F}.Debug|Win32.Build.0 = Debug|Win32
		{1595CD8A-D141-46FE-B712-61F16C5D700F}.Release|Win32.ActiveCfg = Release|Win32
		{1595CD8A-D141-46FE-B712-61F16C5D700F}.Release|Win32.Build.0 = Release|Win32
		{CB07F1CA-85D3-429B-92D5-A7650C97AB1A}.Debug|Win32.ActiveCfg = Debug|Win32
		{CB07F1CA-85D3-429B-92D5-A7650C97AB1A}.Debug|Win32.Build.0 = Debug|Win32
		{CB07F1CA-85D3-429B-92D5-A7650C97AB1A}.Release|Win32.ActiveCfg = Release|Win32
		{CB07F1CA-85D3-429B-92D5-A7650C97AB1A}.Release|Win32.Build.0 = Release|Win32
		{ACFB0944-5DD4-4E24-87E3-1F1EF8B26A0A}.Debug|Win32.ActiveCfg = Debug|Win32
		{ACFB0944-5DD4-4E24-87E3-1F1EF8B26A0A}.Debug|Win32.Build.0 = Debug|Win32
		{ACFB0944-5DD4-4E24-87E3-1F1EF8B26A0A}.Release|Win32.ActiveCfg = Release|Win32
		{ACFB0944-5DD4-4E24-87E3-1F1EF8B26A0A}.Release|Win32.Build.0 = Release|Win32
		{7299E3E7-DFEF-4970-A0BA-E53D3A45B82A}.Debug|Win32.ActiveCfg = Debug|Win32
		{7299E3E7-DFEF-4970-A0BA-E53D3A45B82A}.Debug|Win32.Build.0 = Debug|Win32
		{7299E3E7-DFEF-4970-A0BA-E53D3A45B82A}.Release|Win32.ActiveCfg = Release|Win32
		{7299E3E7-DFEF-4970-A0BA-E53D3A45B82A}.Release|Win32.Build.0 = Release|Win32
		{A45D0DB7-24A7-4FA1-9BE9-E418EAB53C26}.Debug|Win32.ActiveCfg = Debug|Win32
		{A45D0DB7-24A7-4FA1-9BE9-E418EAB53C26}.Debug|Win32.Build.0 = Debug|Win32
		{A45D0DB7-24A7-4FA1-9BE9-E418EAB53C26}.Release|Win32.ActiveCfg = Release|Win32
		{A45D0DB7-24A7-4FA1-9BE9-E418EAB53C26}.Release|Win32.Build.0 = Release|Win32
		{A8790D6E-B5FF-4FD7-86F7-B18CCC7E0D6F}.Debug|Win32.ActiveCfg = Debug|Win32
		{A8790D6E-B5FF-4FD7-86F7-B18CCC7E0D6F}.Debug|Win32.Build.0 = Debug|Win32
		{A8790D6E-B5FF-4FD7-86F7-B18CCC7E0D6F}.Release|Win32.ActiveCfg = Release|Win32
		{A8790D6E-B5FF-4FD7-86F7-B18CCC7E0D6F}.Release|Win32.Build.0 = Release|Win32
		{0AA665EA-C51A-4035-BF50-3D090980903C}.Debug|Win32.ActiveCfg = Debug|Win32
		{0AA665EA-C51A-4035-BF50-3D090980903C}.Debug|Win32.Build.0 = Debug|Win32
		{0AA665EA-C51A-4035-BF50-3D090980903C}.Release|Win32.ActiveCfg = Release|Win32
		{0AA665EA-C51A-4035-BF50-3D090980903C}.Release|Win32.Build.0 = Release|Win32
		{8B1C8FB3-3E2B-4492-848E-70D59696CD04}.Debug|Win32.ActiveCfg = Debug|Win32
		{8B1C8FB3-3E2B-4492-848E-70D59696CD04}.Debug|Win32.Build.0 = Debug|Win32
		{8B1C8FB3-3E2B-4492-848E-70D59696CD04}.Release|Win32.ActiveCfg = Release|Win32
		{8B1C8FB3-3E2B-4492-848E-70D59696CD04}.Release|Win32.Build.0 = Release|Win32
		{48637A68-3478-4BED-A924-07D59D474BBE}.Debug|Win32.ActiveCfg = Debug|Win32
		{48637A68-3478-4BED-A924-07D59D474BBE}.Debug|Win32.Build.0 = Debug|Win32
		{48637A68-3478-4BED-A924-07D59D474BBE}.Release|Win32.ActiveCfg = Release|Win32
		{48637A68-3478-4BED-A924-07D59D474BBE}.Release|Win32.Build.0 = Release|Win32
		{EC2121F2-1AC3-45E3-8EE8-EA95AFCE967E}.Debug|Win32.ActiveCfg = Debug|Win32
		{EC2121F2-1AC3-45E3-8EE8-EA95AFCE967E}.Debug|Win32.Build.0 = Debug|Win32
		{EC2121F2-1AC3-45E3-8EE8-EA95AFCE967E}.Release|Win32.ActiveCfg = Release|Win32
		{EC2121F2-1AC3-45E3-8EE8-EA95AFCE967E}.Release|Win32.Build.0 = Release|Win32
		{3043A9CD-A963-4BC3-BBE4-1A9D67177EC4}.Debug|Win32.ActiveCfg = Debug|Win32
		{3043A9CD-A963-4BC3-BBE4-1A9D67177EC4}.Debug|Win32.Build.0 = Debug|Win32
		{3043A9CD-A963-4BC3-BBE4-1A9D67177EC4}.Release|Win32.ActiveCfg = Release|Win32
		{3043A9CD-A963-4BC3-BBE4-1A9D67177EC4}.Release|Win32.Build.0 = Release|Win32
		{0DA3E7B4-8567-495B-B7D1-5E6AB6D6F4B1}.Debug|Win32.ActiveCfg = Debug|Win32
		{0DA3E7B4-8567-495B-B7D1-5E6AB6D6F4B1}.Debug|Win32.Build.0 = Debug|Win32
		{0DA3E7B4-8567-495B-B7D1-5E6AB6D6F4B1}.Release|Win32.ActiveCfg = Release|Win32
		{0DA3E7B4-8567-495B-B7D1-5E6AB6D6F4B1}.Release|Win32.Build.0 = Release|Win32
		{5C543ABE-8C49-41EB-8078-8A98A9E96EE8}.Debug|Win32.ActiveCfg = Debug|Win32
		{5C543ABE-8C49-41EB-8078-8A98A9E96EE8}.Debug|Win32.Build.0 = Debug|Win32
		{5C543ABE-8C49-41EB-8078-8A98A9E96EE8}.Release|Win32.ActiveCfg = Release|Win32
		{5C543ABE-8C49-41EB-8078-8A98A9E96EE8}.Release|Win32.Build.0 = Release|Win32
		{A9BA4278-89CB-47C4-A54E-B7F20EDA8C77}.Debug|Win32.ActiveCfg = Debug|Win32
		{A9BA4278-89CB-47C4-A54E-B7F20EDA8C77}.Debug|Win32.Build.0 = Debug|Win32
		{A9BA4278-89CB-47C4-A54E-B7F20EDA8C77}.Release|Win32.ActiveCfg = Release|Win32
		{A9BA4278-89CB-47C4-A54E-B7F20EDA8C77}.Release|Win32.Build.0 = Release|Win32
		{D39AE752-B910-4EFF-A819-1FA8F30FA3D0}.Debug|Win32.ActiveCfg = Debug|Win32
		{D39AE752-B910-4EFF-A819-1FA8F30FA3D0}.Debug|Win32.Build.0 = Debug|Win32
		{D39AE752-B910-4EFF-A819-1FA8F30FA3D0}.Release|Win32.ActiveCfg = Release|Win32
		{D39AE752-B910-4EFF-A819-1FA8F30FA3D0}.Release|Win32.Build.0 = Release|Win32
		{453A20D0-847F-4E21-A31B-B316EEA59BFD}.Debug|Win32.ActiveCfg = Debug|Win32
		{453A20D0-847F-4E21-A31B-B316EEA59BFD}.Debug|Win32.Build.0 = Debug|Win32
		{453A20D0-847F-4E21-A31B-B316EEA59BFD}.Release|Win32.ActiveCfg = Release|Win32
		{453A20D0-847F-4E21-A31B-B316EEA59BFD}.Release|Win32.Build.0 = Release|Win32
		{D674842B-2F41-42CB-9426-B3C4B0682574}.Debug|Win32.ActiveCfg = Debug|Win32
		{D674842B-2F41-42CB-9426-B3C4B0682574}.Debug|Win32.Build.0 = Debug|Win32
		{D674842B-2F41-42CB-9426-B3C4B0682574}.Release|Win32.ActiveCfg = Release|Win32
		{D674842B-2F41-42CB-9426-B3C4B0682574}.Release|Win32.Build.0 = Release|Win32
		{D9C78CF8-0F08-417B-A242-22B86626F00D}.Debug|Win32.ActiveCfg = Debug|Win32
		{D9C78CF8-0F08-417B-A242-22B86626F00D}.Debug|Win32.Build.0 = Debug|Win32
		{D9C78CF8-0F08-417B-A242-22B86626F00D}.Release|Win32.ActiveCfg = Release|Win32
		{D9C78CF8-0F08-417B-A242-22B86626F00D}.Release|Win32.Build.0 = Release|Win32
		{A41D7A4A-2173-4DF6-96AF-9575C069CA8A}.Debug|Win32.ActiveCfg = Debug|Win32
		{A41D7A4A-2173-4DF6-96AF-9575C069CA8A}.Debug|Win32.Build.0 = Debug|Win32
		{A41D7A4A-2173-4DF6-96AF-9575C069CA8A}.Release|Win32.ActiveCfg = Release|Win32
		{A41D7A4A-2173-4DF6-96AF-9575C069CA8A}.Release|Win32.Build.0 = Release|Win32
		{7BFB9820-0E57-4BE4-9BE9-E0A687874E19}.Debug|Win32.ActiveCfg = Debug|Win32
		{7BFB9820-0E57-4BE4-9BE9-E0A687874E19}.Debug|Win32.Build.0 = Debug|Win32
		{7BFB9820-0E57-4BE4-9BE9-E0A687874E19}.Release|Win32.ActiveCfg = Release|Win32
		{7BFB9820-0E57-4BE4-9BE9-E0A687874E19}.Release|Win32.Build.0 = Release|Win32
		{C9E94535-877A-4A25-A10F-5AB750B0FB31}.Debug|Win32.ActiveCfg = Debug|Win32
		{C9E94535-877A-4A25-A10F-5AB750B0FB31}.Debug|Win32.Build.0 = Debug|Win32
		{C9E94535-877A-4A25-A10F-5AB750B0FB31}.Release|Win32.ActiveCfg = Release|Win32
		{C9E94535-877A-4A25-A10F-5AB750B0FB31}.Release|Win32.Build.0 = Release|Win32
		{7C6F645F-BB54-4018-8AE9-6C38626325F6}.Debug|Win32.ActiveCfg = Debug|Win32
		{7C6F645F-BB54-4018-8AE9-6C38626325F6}.Debug|Win32.Build.0 = Debug|Win32
		{7C6F645F-BB54-4018-8AE9-6C38626325F6}.Release|Win32.ActiveCfg = Release|Win32
		{7C6F645F-BB54-4018-8AE9-6C38626325F6}.Release|Win32.Build.0 = Release|Win32
		{7428A1E8-56B7-4868-9C0E-29D031689FEB}.Debug|Win32.ActiveCfg = Debug|Win32
		{7428A1E8-56B7-4868-9C0E-29D031689FEB}.Debug|Win32.Build.0 = Debug|Win32
		{7428A1E8-56B7-4868-9C0E-29D031689FEB}.Release|Win32.ActiveCfg = Release|Win32
		{7428A1E8-56B7-4868-9C0E-29D031689FEB}.Release|Win32.Build.0 = Release|Win32
		{AEED3A81-3A47-4953-BE51-FD5E08283890}.Debug|Win32.ActiveCfg = Debug|Win32
		{AEED3A81-3A47-4953-BE51-FD5E08283890}.Debug|Win32.Build.0 = Debug|Win32
		{AEED3A81-3A47-4953-BE51-FD5E08283890}.Release|Win32.ActiveCfg = Release|Win32
		{AEED3A81-3A47-4953-BE51-FD5E08283890}.Release|Win32.Build.0 = Release|Win32
		{08FC395F-BC60-499D-9CE9-170ED718BB94}.Debug|Win32.ActiveCfg = Debug|Win32
		{08FC395F-BC60-499D-9CE9-170ED718BB94}.Debug|Win32.Build.0 = Debug|Win32
		{08FC395F-BC60-499D-9CE9-170ED718BB94}.Release|Win32.ActiveCfg = Release|Win32
		{08FC395F-BC60-499D-9CE9-170ED718BB94}.Release|Win32.Build.0 = Release|Win32
		{85112FF8-B520-4806-A2C8-7525F495AE8F}.Debug|Win32.ActiveCfg = Debug|Win32
		{85112FF8-B520-4806-A2C8-7525F495AE8F}.Debug|Win32.Build.0 = Debug|Win32
		{85112FF8-B520-4806-A2C8-7525F495AE8F}.Release|Win32.ActiveCfg = Release|Win32
		{85112FF8-B520-4806-A2C8-7525F495AE8F}.Release|Win32.Build.0 = Release|Win32
	EndGlobalSection
	GlobalSection(SolutionProperties) = preSolution
		HideSolutionNode = FALSE
	EndGlobalSection
	GlobalSection(ExtensibilityGlobals) = postSolution
		SolutionGuid = {64E47F7A-CB27-431A-A653-9926FBDBE3E7}
	EndGlobalSection
EndGlobal
